
Microsoft Visual Studio Solution File, Format Version 12.00
# Visual Studio Version 17
VisualStudioVersion = 17.3.32901.215
MinimumVisualStudioVersion = 10.0.40219.1
Project("{FAE04EC0-301F-11D3-BF4B-00C04F79EFBC}") = "Кустов4", "Кустов4\Кустов4.csproj", "{1AB15CD3-33E0-4C53-8F6D-924720E9451B}"
EndProject
Global
	GlobalSection(SolutionConfigurationPlatforms) = preSolution
		Debug|Any CPU = Debug|Any CPU
		Release|Any CPU = Release|Any CPU
	EndGlobalSection
	GlobalSection(ProjectConfigurationPlatforms) = postSolution
		{1AB15CD3-33E0-4C53-8F6D-924720E9451B}.Debug|Any CPU.ActiveCfg = Debug|Any CPU
		{1AB15CD3-33E0-4C53-8F6D-924720E9451B}.Debug|Any CPU.Build.0 = Debug|Any CPU
		{1AB15CD3-33E0-4C53-8F6D-924720E9451B}.Release|Any CPU.ActiveCfg = Release|Any CPU
		{1AB15CD3-33E0-4C53-8F6D-924720E9451B}.Release|Any CPU.Build.0 = Release|Any CPU
	EndGlobalSection
	GlobalSection(SolutionProperties) = preSolution
		HideSolutionNode = FALSE
	EndGlobalSection
	GlobalSection(ExtensibilityGlobals) = postSolution
		SolutionGuid = {ED2D8A29-FC0C-4B3E-BB8D-9BAF2CACC020}
	EndGlobalSection
EndGlobal
